
Microsoft Visual Studio Solution File, Format Version 12.00
# Visual Studio 15
VisualStudioVersion = 15.0.26730.3
MinimumVisualStudioVersion = 10.0.40219.1
Project("{9A19103F-16F7-4668-BE54-9A1E7A4F7556}") = "CoinMarketCap", "CoinMarketCap\CoinMarketCap.csproj", "{4EC31652-0D3E-4E9F-BCEA-16AE5F7E213B}"
EndProject
Project("{2150E333-8FDC-42A3-9474-1A3956D46DE8}") = "Solution Items", "Solution Items", "{4B3ED9BA-EFC8-4421-9C5B-F4AEA5589B11}"
	ProjectSection(SolutionItems) = preProject
		.editorconfig = .editorconfig
		.gitattributes = .gitattributes
		.gitignore = .gitignore
		CHANGELOG.md = CHANGELOG.md
		global.json = global.json
		LICENSE.md = LICENSE.md
		README.md = README.md
		roslynator.config = roslynator.config
	EndProjectSection
EndProject
Global
	GlobalSection(SolutionConfigurationPlatforms) = preSolution
		Debug|Any CPU = Debug|Any CPU
		Release|Any CPU = Release|Any CPU
	EndGlobalSection
	GlobalSection(ProjectConfigurationPlatforms) = postSolution
		{4EC31652-0D3E-4E9F-BCEA-16AE5F7E213B}.Debug|Any CPU.ActiveCfg = Debug|Any CPU
		{4EC31652-0D3E-4E9F-BCEA-16AE5F7E213B}.Debug|Any CPU.Build.0 = Debug|Any CPU
		{4EC31652-0D3E-4E9F-BCEA-16AE5F7E213B}.Release|Any CPU.ActiveCfg = Release|Any CPU
		{4EC31652-0D3E-4E9F-BCEA-16AE5F7E213B}.Release|Any CPU.Build.0 = Release|Any CPU
	EndGlobalSection
	GlobalSection(SolutionProperties) = preSolution
		HideSolutionNode = FALSE
	EndGlobalSection
	GlobalSection(ExtensibilityGlobals) = postSolution
		SolutionGuid = {42E899D2-A999-4EAB-8B36-A39B89B84A5F}
	EndGlobalSection
EndGlobal
